
Microsoft Visual Studio Solution File, Format Version 12.00
# Visual Studio Version 16
VisualStudioVersion = 16.0.37507.1
MinimumVisualStudioVersion = 10.0.40219.1
Project("{FAE04EC0-301F-11D3-BF4B-00C04F79EFBC}") = "Firstappication", "Firstappication\Firstappication.csproj", "{BB07ADA3-6703-40A9-BA90-555C14DCEEEE}"
EndProject
Global
	GlobalSection(SolutionConfigurationPlatforms) = preSolution
		Debug|Any CPU = Debug|Any CPU
		Release|Any CPU = Release|Any CPU
	EndGlobalSection
	GlobalSection(ProjectConfigurationPlatforms) = postSolution
		{BB07ADA3-6703-40A9-BA90-555C14DCEEEE}.Debug|Any CPU.ActiveCfg = Debug|Any CPU
		{BB07ADA3-6703-40A9-BA90-555C14DCEEEE}.Debug|Any CPU.Build.0 = Debug|Any CPU
		{BB07ADA3-6703-40A9-BA90-555C14DCEEEE}.Release|Any CPU.ActiveCfg = Release|Any CPU
		{BB07ADA3-6703-40A9-BA90-555C14DCEEEE}.Release|Any CPU.Build.0 = Release|Any CPU
	EndGlobalSection
	GlobalSection(SolutionProperties) = preSolution
		HideSolutionNode = FALSE
	EndGlobalSection
	GlobalSection(ExtensibilityGlobals) = postSolution
		SolutionGuid = {8DD95FC5-E9DF-4D75-89CA-FC494E56C064}
	EndGlobalSection
EndGlobal
