
Microsoft Visual Studio Solution File, Format Version 12.00
# Visual Studio Version 16
VisualStudioVersion = 16.0.37507.1
MinimumVisualStudioVersion = 10.0.40219.1
Project("{FAE04EC0-301F-11D3-BF4B-00C04F79EFBC}") = "C_Sharp", "C_Sharp\C_Sharp.csproj", "{C5D178BC-ADB4-4DE2-8AA8-660A0E04E954}"
EndProject
Global
	GlobalSection(SolutionConfigurationPlatforms) = preSolution
		Debug|Any CPU = Debug|Any CPU
		Release|Any CPU = Release|Any CPU
	EndGlobalSection
	GlobalSection(ProjectConfigurationPlatforms) = postSolution
		{C5D178BC-ADB4-4DE2-8AA8-660A0E04E954}.Debug|Any CPU.ActiveCfg = Debug|Any CPU
		{C5D178BC-ADB4-4DE2-8AA8-660A0E04E954}.Debug|Any CPU.Build.0 = Debug|Any CPU
		{C5D178BC-ADB4-4DE2-8AA8-660A0E04E954}.Release|Any CPU.ActiveCfg = Release|Any CPU
		{C5D178BC-ADB4-4DE2-8AA8-660A0E04E954}.Release|Any CPU.Build.0 = Release|Any CPU
	EndGlobalSection
	GlobalSection(SolutionProperties) = preSolution
		HideSolutionNode = FALSE
	EndGlobalSection
	GlobalSection(ExtensibilityGlobals) = postSolution
		SolutionGuid = {576CFED8-BEF6-4E29-B073-917AD97DFF37}
	EndGlobalSection
EndGlobal
