
Microsoft Visual Studio Solution File, Format Version 12.00
# Visual Studio Version 16
VisualStudioVersion = 16.0.37507.1
MinimumVisualStudioVersion = 10.0.40219.1
Project("{FAE04EC0-301F-11D3-BF4B-00C04F79EFBC}") = "Employee_Management_system_2", "Employee_Management_system_2\Employee_Management_system_2.csproj", "{692CA168-472A-4185-941F-64D079996788}"
EndProject
Global
	GlobalSection(SolutionConfigurationPlatforms) = preSolution
		Debug|Any CPU = Debug|Any CPU
		Release|Any CPU = Release|Any CPU
	EndGlobalSection
	GlobalSection(ProjectConfigurationPlatforms) = postSolution
		{692CA168-472A-4185-941F-64D079996788}.Debug|Any CPU.ActiveCfg = Debug|Any CPU
		{692CA168-472A-4185-941F-64D079996788}.Debug|Any CPU.Build.0 = Debug|Any CPU
		{692CA168-472A-4185-941F-64D079996788}.Release|Any CPU.ActiveCfg = Release|Any CPU
		{692CA168-472A-4185-941F-64D079996788}.Release|Any CPU.Build.0 = Release|Any CPU
	EndGlobalSection
	GlobalSection(SolutionProperties) = preSolution
		HideSolutionNode = FALSE
	EndGlobalSection
	GlobalSection(ExtensibilityGlobals) = postSolution
		SolutionGuid = {624C242F-E41B-41C2-BBF1-57942CBAACCA}
	EndGlobalSection
EndGlobal
