
Microsoft Visual Studio Solution File, Format Version 12.00
# Visual Studio Version 16
VisualStudioVersion = 16.0.37507.1
MinimumVisualStudioVersion = 10.0.40219.1
Project("{FAE04EC0-301F-11D3-BF4B-00C04F79EFBC}") = "Data_Types_and_Variables", "Data_Types_and_Variables\Data_Types_and_Variables.csproj", "{C91BAECD-A36F-4418-A639-0AB6E0F5A0AE}"
EndProject
Global
	GlobalSection(SolutionConfigurationPlatforms) = preSolution
		Debug|Any CPU = Debug|Any CPU
		Release|Any CPU = Release|Any CPU
	EndGlobalSection
	GlobalSection(ProjectConfigurationPlatforms) = postSolution
		{C91BAECD-A36F-4418-A639-0AB6E0F5A0AE}.Debug|Any CPU.ActiveCfg = Debug|Any CPU
		{C91BAECD-A36F-4418-A639-0AB6E0F5A0AE}.Debug|Any CPU.Build.0 = Debug|Any CPU
		{C91BAECD-A36F-4418-A639-0AB6E0F5A0AE}.Release|Any CPU.ActiveCfg = Release|Any CPU
		{C91BAECD-A36F-4418-A639-0AB6E0F5A0AE}.Release|Any CPU.Build.0 = Release|Any CPU
	EndGlobalSection
	GlobalSection(SolutionProperties) = preSolution
		HideSolutionNode = FALSE
	EndGlobalSection
	GlobalSection(ExtensibilityGlobals) = postSolution
		SolutionGuid = {1B6A0B0E-66E6-450E-BD46-8213A4946AF3}
	EndGlobalSection
EndGlobal
