
Microsoft Visual Studio Solution File, Format Version 12.00
# Visual Studio Version 16
VisualStudioVersion = 16.0.37507.1
MinimumVisualStudioVersion = 10.0.40219.1
Project("{FAE04EC0-301F-11D3-BF4B-00C04F79EFBC}") = "DoWhileLoop", "DoWhileLoop\DoWhileLoop.csproj", "{9E95DC08-97F0-4D46-9862-5A9D5D6E4871}"
EndProject
Global
	GlobalSection(SolutionConfigurationPlatforms) = preSolution
		Debug|Any CPU = Debug|Any CPU
		Release|Any CPU = Release|Any CPU
	EndGlobalSection
	GlobalSection(ProjectConfigurationPlatforms) = postSolution
		{9E95DC08-97F0-4D46-9862-5A9D5D6E4871}.Debug|Any CPU.ActiveCfg = Debug|Any CPU
		{9E95DC08-97F0-4D46-9862-5A9D5D6E4871}.Debug|Any CPU.Build.0 = Debug|Any CPU
		{9E95DC08-97F0-4D46-9862-5A9D5D6E4871}.Release|Any CPU.ActiveCfg = Release|Any CPU
		{9E95DC08-97F0-4D46-9862-5A9D5D6E4871}.Release|Any CPU.Build.0 = Release|Any CPU
	EndGlobalSection
	GlobalSection(SolutionProperties) = preSolution
		HideSolutionNode = FALSE
	EndGlobalSection
	GlobalSection(ExtensibilityGlobals) = postSolution
		SolutionGuid = {958C9530-71AE-422C-AC73-675D39904BD9}
	EndGlobalSection
EndGlobal
