
Microsoft Visual Studio Solution File, Format Version 12.00
# Visual Studio Version 16
VisualStudioVersion = 16.0.37507.1
MinimumVisualStudioVersion = 10.0.40219.1
Project("{FAE04EC0-301F-11D3-BF4B-00C04F79EFBC}") = "DigitalWallet", "DigitalWallet\DigitalWallet.csproj", "{08294D12-F407-43CD-9616-57D76DC6BAC3}"
EndProject
Global
	GlobalSection(SolutionConfigurationPlatforms) = preSolution
		Debug|Any CPU = Debug|Any CPU
		Release|Any CPU = Release|Any CPU
	EndGlobalSection
	GlobalSection(ProjectConfigurationPlatforms) = postSolution
		{08294D12-F407-43CD-9616-57D76DC6BAC3}.Debug|Any CPU.ActiveCfg = Debug|Any CPU
		{08294D12-F407-43CD-9616-57D76DC6BAC3}.Debug|Any CPU.Build.0 = Debug|Any CPU
		{08294D12-F407-43CD-9616-57D76DC6BAC3}.Release|Any CPU.ActiveCfg = Release|Any CPU
		{08294D12-F407-43CD-9616-57D76DC6BAC3}.Release|Any CPU.Build.0 = Release|Any CPU
	EndGlobalSection
	GlobalSection(SolutionProperties) = preSolution
		HideSolutionNode = FALSE
	EndGlobalSection
	GlobalSection(ExtensibilityGlobals) = postSolution
		SolutionGuid = {BF65315B-040B-4CDD-96D5-988EC4F55C5E}
	EndGlobalSection
EndGlobal
