
Microsoft Visual Studio Solution File, Format Version 12.00
# Visual Studio Version 16
VisualStudioVersion = 16.0.37507.1
MinimumVisualStudioVersion = 10.0.40219.1
Project("{FAE04EC0-301F-11D3-BF4B-00C04F79EFBC}") = "ClassesAndObjects", "ClassesAndObjects\ClassesAndObjects.csproj", "{98D6DC17-91E3-43B2-9BA0-3D5DF28353A8}"
EndProject
Global
	GlobalSection(SolutionConfigurationPlatforms) = preSolution
		Debug|Any CPU = Debug|Any CPU
		Release|Any CPU = Release|Any CPU
	EndGlobalSection
	GlobalSection(ProjectConfigurationPlatforms) = postSolution
		{98D6DC17-91E3-43B2-9BA0-3D5DF28353A8}.Debug|Any CPU.ActiveCfg = Debug|Any CPU
		{98D6DC17-91E3-43B2-9BA0-3D5DF28353A8}.Debug|Any CPU.Build.0 = Debug|Any CPU
		{98D6DC17-91E3-43B2-9BA0-3D5DF28353A8}.Release|Any CPU.ActiveCfg = Release|Any CPU
		{98D6DC17-91E3-43B2-9BA0-3D5DF28353A8}.Release|Any CPU.Build.0 = Release|Any CPU
	EndGlobalSection
	GlobalSection(SolutionProperties) = preSolution
		HideSolutionNode = FALSE
	EndGlobalSection
	GlobalSection(ExtensibilityGlobals) = postSolution
		SolutionGuid = {628B97C6-4995-4631-AA94-EB383198AB0A}
	EndGlobalSection
EndGlobal
