
Microsoft Visual Studio Solution File, Format Version 12.00
# Visual Studio Version 16
VisualStudioVersion = 16.0.37507.1
MinimumVisualStudioVersion = 10.0.40219.1
Project("{FAE04EC0-301F-11D3-BF4B-00C04F79EFBC}") = "Copy_Constructor", "Copy_Constructor\Copy_Constructor.csproj", "{6CB788BA-497D-4E3B-89DF-513BF91CE979}"
EndProject
Global
	GlobalSection(SolutionConfigurationPlatforms) = preSolution
		Debug|Any CPU = Debug|Any CPU
		Release|Any CPU = Release|Any CPU
	EndGlobalSection
	GlobalSection(ProjectConfigurationPlatforms) = postSolution
		{6CB788BA-497D-4E3B-89DF-513BF91CE979}.Debug|Any CPU.ActiveCfg = Debug|Any CPU
		{6CB788BA-497D-4E3B-89DF-513BF91CE979}.Debug|Any CPU.Build.0 = Debug|Any CPU
		{6CB788BA-497D-4E3B-89DF-513BF91CE979}.Release|Any CPU.ActiveCfg = Release|Any CPU
		{6CB788BA-497D-4E3B-89DF-513BF91CE979}.Release|Any CPU.Build.0 = Release|Any CPU
	EndGlobalSection
	GlobalSection(SolutionProperties) = preSolution
		HideSolutionNode = FALSE
	EndGlobalSection
	GlobalSection(ExtensibilityGlobals) = postSolution
		SolutionGuid = {DF3C1FC8-B841-483E-B54F-BBB70A982218}
	EndGlobalSection
EndGlobal
