
Microsoft Visual Studio Solution File, Format Version 12.00
# Visual Studio Version 16
VisualStudioVersion = 16.0.37507.1
MinimumVisualStudioVersion = 10.0.40219.1
Project("{FAE04EC0-301F-11D3-BF4B-00C04F79EFBC}") = "Movie_Ticket_Booking_System", "Movie_Ticket_Booking_System\Movie_Ticket_Booking_System.csproj", "{C5270E0A-B177-4611-AD47-EB9921833119}"
EndProject
Global
	GlobalSection(SolutionConfigurationPlatforms) = preSolution
		Debug|Any CPU = Debug|Any CPU
		Release|Any CPU = Release|Any CPU
	EndGlobalSection
	GlobalSection(ProjectConfigurationPlatforms) = postSolution
		{C5270E0A-B177-4611-AD47-EB9921833119}.Debug|Any CPU.ActiveCfg = Debug|Any CPU
		{C5270E0A-B177-4611-AD47-EB9921833119}.Debug|Any CPU.Build.0 = Debug|Any CPU
		{C5270E0A-B177-4611-AD47-EB9921833119}.Release|Any CPU.ActiveCfg = Release|Any CPU
		{C5270E0A-B177-4611-AD47-EB9921833119}.Release|Any CPU.Build.0 = Release|Any CPU
	EndGlobalSection
	GlobalSection(SolutionProperties) = preSolution
		HideSolutionNode = FALSE
	EndGlobalSection
	GlobalSection(ExtensibilityGlobals) = postSolution
		SolutionGuid = {D87764D6-0D3D-4725-9F06-61B39B48B389}
	EndGlobalSection
EndGlobal
