
Microsoft Visual Studio Solution File, Format Version 12.00
# Visual Studio Version 16
VisualStudioVersion = 16.0.37507.1
MinimumVisualStudioVersion = 10.0.40219.1
Project("{FAE04EC0-301F-11D3-BF4B-00C04F79EFBC}") = "Constant_and_Randomly", "Constant_and_Randomly\Constant_and_Randomly.csproj", "{8EDFB844-32A3-4F12-BA02-F0482CE8F21A}"
EndProject
Global
	GlobalSection(SolutionConfigurationPlatforms) = preSolution
		Debug|Any CPU = Debug|Any CPU
		Release|Any CPU = Release|Any CPU
	EndGlobalSection
	GlobalSection(ProjectConfigurationPlatforms) = postSolution
		{8EDFB844-32A3-4F12-BA02-F0482CE8F21A}.Debug|Any CPU.ActiveCfg = Debug|Any CPU
		{8EDFB844-32A3-4F12-BA02-F0482CE8F21A}.Debug|Any CPU.Build.0 = Debug|Any CPU
		{8EDFB844-32A3-4F12-BA02-F0482CE8F21A}.Release|Any CPU.ActiveCfg = Release|Any CPU
		{8EDFB844-32A3-4F12-BA02-F0482CE8F21A}.Release|Any CPU.Build.0 = Release|Any CPU
	EndGlobalSection
	GlobalSection(SolutionProperties) = preSolution
		HideSolutionNode = FALSE
	EndGlobalSection
	GlobalSection(ExtensibilityGlobals) = postSolution
		SolutionGuid = {EAA03B63-0EED-4405-83ED-1CB350FDDF09}
	EndGlobalSection
EndGlobal
