
Microsoft Visual Studio Solution File, Format Version 12.00
# Visual Studio Version 16
VisualStudioVersion = 16.0.37507.1
MinimumVisualStudioVersion = 10.0.40219.1
Project("{FAE04EC0-301F-11D3-BF4B-00C04F79EFBC}") = "Polymorphism", "Polymorphism\Polymorphism.csproj", "{E13CFC30-59F6-485C-B4EA-C384EFB9AEC2}"
EndProject
Global
	GlobalSection(SolutionConfigurationPlatforms) = preSolution
		Debug|Any CPU = Debug|Any CPU
		Release|Any CPU = Release|Any CPU
	EndGlobalSection
	GlobalSection(ProjectConfigurationPlatforms) = postSolution
		{E13CFC30-59F6-485C-B4EA-C384EFB9AEC2}.Debug|Any CPU.ActiveCfg = Debug|Any CPU
		{E13CFC30-59F6-485C-B4EA-C384EFB9AEC2}.Debug|Any CPU.Build.0 = Debug|Any CPU
		{E13CFC30-59F6-485C-B4EA-C384EFB9AEC2}.Release|Any CPU.ActiveCfg = Release|Any CPU
		{E13CFC30-59F6-485C-B4EA-C384EFB9AEC2}.Release|Any CPU.Build.0 = Release|Any CPU
	EndGlobalSection
	GlobalSection(SolutionProperties) = preSolution
		HideSolutionNode = FALSE
	EndGlobalSection
	GlobalSection(ExtensibilityGlobals) = postSolution
		SolutionGuid = {B11007A9-BA3B-48EE-B08C-A40E767F8A67}
	EndGlobalSection
EndGlobal
