
Microsoft Visual Studio Solution File, Format Version 12.00
# Visual Studio Version 16
VisualStudioVersion = 16.0.37507.1
MinimumVisualStudioVersion = 10.0.40219.1
Project("{FAE04EC0-301F-11D3-BF4B-00C04F79EFBC}") = "List_Collection", "List_Collection\List_Collection.csproj", "{5125F5A0-D306-495A-AC4E-466D3ACADE66}"
EndProject
Global
	GlobalSection(SolutionConfigurationPlatforms) = preSolution
		Debug|Any CPU = Debug|Any CPU
		Release|Any CPU = Release|Any CPU
	EndGlobalSection
	GlobalSection(ProjectConfigurationPlatforms) = postSolution
		{5125F5A0-D306-495A-AC4E-466D3ACADE66}.Debug|Any CPU.ActiveCfg = Debug|Any CPU
		{5125F5A0-D306-495A-AC4E-466D3ACADE66}.Debug|Any CPU.Build.0 = Debug|Any CPU
		{5125F5A0-D306-495A-AC4E-466D3ACADE66}.Release|Any CPU.ActiveCfg = Release|Any CPU
		{5125F5A0-D306-495A-AC4E-466D3ACADE66}.Release|Any CPU.Build.0 = Release|Any CPU
	EndGlobalSection
	GlobalSection(SolutionProperties) = preSolution
		HideSolutionNode = FALSE
	EndGlobalSection
	GlobalSection(ExtensibilityGlobals) = postSolution
		SolutionGuid = {7D1B8E86-E70C-41DE-9188-5F48CDBFE7A4}
	EndGlobalSection
EndGlobal
