
Microsoft Visual Studio Solution File, Format Version 12.00
# Visual Studio Version 16
VisualStudioVersion = 16.0.37507.1
MinimumVisualStudioVersion = 10.0.40219.1
Project("{FAE04EC0-301F-11D3-BF4B-00C04F79EFBC}") = "MVC_CRUD_Operations", "MVC_CRUD_Operations\MVC_CRUD_Operations.csproj", "{9009C7E8-44AF-498B-AFFD-9D0750C7E823}"
EndProject
Project("{FAE04EC0-301F-11D3-BF4B-00C04F79EFBC}") = "EmployeeAccessLayer", "EmployeeAccessLayer\EmployeeAccessLayer.csproj", "{519D17EF-D78C-4FAD-9C51-A12809820165}"
EndProject
Global
	GlobalSection(SolutionConfigurationPlatforms) = preSolution
		Debug|Any CPU = Debug|Any CPU
		Release|Any CPU = Release|Any CPU
	EndGlobalSection
	GlobalSection(ProjectConfigurationPlatforms) = postSolution
		{9009C7E8-44AF-498B-AFFD-9D0750C7E823}.Debug|Any CPU.ActiveCfg = Debug|Any CPU
		{9009C7E8-44AF-498B-AFFD-9D0750C7E823}.Debug|Any CPU.Build.0 = Debug|Any CPU
		{9009C7E8-44AF-498B-AFFD-9D0750C7E823}.Release|Any CPU.ActiveCfg = Release|Any CPU
		{9009C7E8-44AF-498B-AFFD-9D0750C7E823}.Release|Any CPU.Build.0 = Release|Any CPU
		{519D17EF-D78C-4FAD-9C51-A12809820165}.Debug|Any CPU.ActiveCfg = Debug|Any CPU
		{519D17EF-D78C-4FAD-9C51-A12809820165}.Debug|Any CPU.Build.0 = Debug|Any CPU
		{519D17EF-D78C-4FAD-9C51-A12809820165}.Release|Any CPU.ActiveCfg = Release|Any CPU
		{519D17EF-D78C-4FAD-9C51-A12809820165}.Release|Any CPU.Build.0 = Release|Any CPU
	EndGlobalSection
	GlobalSection(SolutionProperties) = preSolution
		HideSolutionNode = FALSE
	EndGlobalSection
	GlobalSection(ExtensibilityGlobals) = postSolution
		SolutionGuid = {DE082514-DBFF-45B0-884F-E9EA4B0DB8B2}
	EndGlobalSection
EndGlobal
